Microsoft Visual Studio Solution File, Format Version 12.00
# Visual Studio Version 17
VisualStudioVersion = 17.5.2.0
MinimumVisualStudioVersion = 10.0.40219.1
Project("{FAE04EC0-301F-11D3-BF4B-00C04F79EFBC}") = "CloudCanvas.Web", "CloudCanvas.Web\CloudCanvas.Web.csproj", "{E72A1C54-D0CA-2630-76EA-2D9181993C49}"
EndProject
Project("{FAE04EC0-301F-11D3-BF4B-00C04F79EFBC}") = "CloudCanvas.Shared", "CloudCanvas.Shared\CloudCanvas.Shared.csproj", "{1143E7D2-C636-F7D4-7265-B570E6E3CCE1}"
EndProject
Project("{FAE04EC0-301F-11D3-BF4B-00C04F79EFBC}") = "CloudCanvas_Functions", "CloudCanvas.Functions\CloudCanvas_Functions.csproj", "{C2A880BB-79E7-95BB-7FA3-5187DA821C7A}"
EndProject
Global
	GlobalSection(SolutionConfigurationPlatforms) = preSolution
		Debug|Any CPU = Debug|Any CPU
		Release|Any CPU = Release|Any CPU
	EndGlobalSection
	GlobalSection(ProjectConfigurationPlatforms) = postSolution
		{E72A1C54-D0CA-2630-76EA-2D9181993C49}.Debug|Any CPU.ActiveCfg = Debug|Any CPU
		{E72A1C54-D0CA-2630-76EA-2D9181993C49}.Debug|Any CPU.Build.0 = Debug|Any CPU
		{E72A1C54-D0CA-2630-76EA-2D9181993C49}.Release|Any CPU.ActiveCfg = Release|Any CPU
		{E72A1C54-D0CA-2630-76EA-2D9181993C49}.Release|Any CPU.Build.0 = Release|Any CPU
		{1143E7D2-C636-F7D4-7265-B570E6E3CCE1}.Debug|Any CPU.ActiveCfg = Debug|Any CPU
		{1143E7D2-C636-F7D4-7265-B570E6E3CCE1}.Debug|Any CPU.Build.0 = Debug|Any CPU
		{1143E7D2-C636-F7D4-7265-B570E6E3CCE1}.Release|Any CPU.ActiveCfg = Release|Any CPU
		{1143E7D2-C636-F7D4-7265-B570E6E3CCE1}.Release|Any CPU.Build.0 = Release|Any CPU
		{C2A880BB-79E7-95BB-7FA3-5187DA821C7A}.Debug|Any CPU.ActiveCfg = Debug|Any CPU
		{C2A880BB-79E7-95BB-7FA3-5187DA821C7A}.Debug|Any CPU.Build.0 = Debug|Any CPU
		{C2A880BB-79E7-95BB-7FA3-5187DA821C7A}.Release|Any CPU.ActiveCfg = Release|Any CPU
		{C2A880BB-79E7-95BB-7FA3-5187DA821C7A}.Release|Any CPU.Build.0 = Release|Any CPU
	EndGlobalSection
	GlobalSection(SolutionProperties) = preSolution
		HideSolutionNode = FALSE
	EndGlobalSection
	GlobalSection(ExtensibilityGlobals) = postSolution
		SolutionGuid = {448B0635-0C49-4D29-A5FF-F6EA3BFC8FEE}
	EndGlobalSection
EndGlobal
