
Microsoft Visual Studio Solution File, Format Version 12.00
# Visual Studio Version 17
VisualStudioVersion = 17.5.2.0
MinimumVisualStudioVersion = 10.0.40219.1
Project("{FAE04EC0-301F-11D3-BF4B-00C04F79EFBC}") = "CloudCanvas.Web", "CloudCanvas.Web\CloudCanvas.Web.csproj", "{E72A1C54-D0CA-2630-76EA-2D9181993C49}"
EndProject
Project("{FAE04EC0-301F-11D3-BF4B-00C04F79EFBC}") = "CloudCanvas.Shared", "CloudCanvas.Shared\CloudCanvas.Shared.csproj", "{1143E7D2-C636-F7D4-7265-B570E6E3CCE1}"
EndProject
Project("{2150E333-8FDC-42A3-9474-1A3956D46DE8}") = "Functions", "Functions", "{46899413-A1AD-7709-F42F-DC74916C2577}"
EndProject
Project("{2150E333-8FDC-42A3-9474-1A3956D46DE8}") = "Orchestrators", "Orchestrators", "{CEAB8DAA-DD90-34F1-C17F-E3DDA330C7A0}"
EndProject
Project("{FAE04EC0-301F-11D3-BF4B-00C04F79EFBC}") = "FileProcessingOrchestrator", "Functions\Orchestrators\FileProcessingOrchestrator\FileProcessingOrchestrator.csproj", "{7D63470D-C484-42C1-9D1A-92F6D091EB35}"
EndProject
Project("{2150E333-8FDC-42A3-9474-1A3956D46DE8}") = "Starters", "Starters", "{6262D460-FDDF-24AD-FCE4-EF94ACD6A251}"
EndProject
Project("{2150E333-8FDC-42A3-9474-1A3956D46DE8}") = "Activities", "Activities", "{63DD562B-6AE2-4B3C-88A3-590A914C9745}"
EndProject
Project("{FAE04EC0-301F-11D3-BF4B-00C04F79EFBC}") = "CreateThumbnailActivity", "Functions\Activities\CreateThumbnailActivity\CreateThumbnailActivity.csproj", "{41F4E8E0-4AF7-47C5-B919-0823C9839CC0}"
EndProject
Project("{FAE04EC0-301F-11D3-BF4B-00C04F79EFBC}") = "FileProcessingStarter", "Functions\Starters\FileProcessingStarter\FileProcessingStarter.csproj", "{E0C70233-8F3F-4C79-9C12-C149167057F7}"
EndProject
Project("{FAE04EC0-301F-11D3-BF4B-00C04F79EFBC}") = "OrchestrationStarter", "Functions\Starters\OrchestrationStarter\OrchestrationStarter.csproj", "{25D71277-7A2D-3EE6-CE69-7C4BF5BBD6EF}"
EndProject
Project("{FAE04EC0-301F-11D3-BF4B-00C04F79EFBC}") = "ExtractMetadata", "Functions\ExtractMetadata\ExtractMetadata.csproj", "{C49AD509-4508-4CCA-9E1B-4D5D6BD6B66B}"
EndProject
Project("{FAE04EC0-301F-11D3-BF4B-00C04F79EFBC}") = "PersistMetadata", "Functions\PersistMetadata\PersistMetadata.csproj", "{3B33ABEC-1B69-48B7-87FD-461F481BB5AA}"
EndProject
Project("{FAE04EC0-301F-11D3-BF4B-00C04F79EFBC}") = "CreateThumbnail", "Functions\CreateThumbnail\CreateThumbnail.csproj", "{4F00C9DF-064E-9F67-D004-03E13EEEF8BE}"
EndProject
Project("{FAE04EC0-301F-11D3-BF4B-00C04F79EFBC}") = "BlobStorageApi", "Functions\APIs\BlobStorageApi\BlobStorageApi.csproj", "{B88AF99E-7513-44F5-8B9C-59E9C4DA8746}"
EndProject
Project("{2150E333-8FDC-42A3-9474-1A3956D46DE8}") = "GitHub Actions", "GitHub Actions", "{8EC462FD-D22E-90A8-E5CE-7E832BA40C5D}"
EndProject
Global
	GlobalSection(SolutionConfigurationPlatforms) = preSolution
		Debug|Any CPU = Debug|Any CPU
		Debug|x64 = Debug|x64
		Debug|x86 = Debug|x86
		Release|Any CPU = Release|Any CPU
		Release|x64 = Release|x64
		Release|x86 = Release|x86
	EndGlobalSection
	GlobalSection(ProjectConfigurationPlatforms) = postSolution
		{E72A1C54-D0CA-2630-76EA-2D9181993C49}.Debug|Any CPU.ActiveCfg = Debug|Any CPU
		{E72A1C54-D0CA-2630-76EA-2D9181993C49}.Debug|Any CPU.Build.0 = Debug|Any CPU
		{E72A1C54-D0CA-2630-76EA-2D9181993C49}.Debug|x64.ActiveCfg = Debug|Any CPU
		{E72A1C54-D0CA-2630-76EA-2D9181993C49}.Debug|x64.Build.0 = Debug|Any CPU
		{E72A1C54-D0CA-2630-76EA-2D9181993C49}.Debug|x86.ActiveCfg = Debug|Any CPU
		{E72A1C54-D0CA-2630-76EA-2D9181993C49}.Debug|x86.Build.0 = Debug|Any CPU
		{E72A1C54-D0CA-2630-76EA-2D9181993C49}.Release|Any CPU.ActiveCfg = Release|Any CPU
		{E72A1C54-D0CA-2630-76EA-2D9181993C49}.Release|Any CPU.Build.0 = Release|Any CPU
		{E72A1C54-D0CA-2630-76EA-2D9181993C49}.Release|x64.ActiveCfg = Release|Any CPU
		{E72A1C54-D0CA-2630-76EA-2D9181993C49}.Release|x64.Build.0 = Release|Any CPU
		{E72A1C54-D0CA-2630-76EA-2D9181993C49}.Release|x86.ActiveCfg = Release|Any CPU
		{E72A1C54-D0CA-2630-76EA-2D9181993C49}.Release|x86.Build.0 = Release|Any CPU
		{1143E7D2-C636-F7D4-7265-B570E6E3CCE1}.Debug|Any CPU.ActiveCfg = Debug|Any CPU
		{1143E7D2-C636-F7D4-7265-B570E6E3CCE1}.Debug|Any CPU.Build.0 = Debug|Any CPU
		{1143E7D2-C636-F7D4-7265-B570E6E3CCE1}.Debug|x64.ActiveCfg = Debug|Any CPU
		{1143E7D2-C636-F7D4-7265-B570E6E3CCE1}.Debug|x64.Build.0 = Debug|Any CPU
		{1143E7D2-C636-F7D4-7265-B570E6E3CCE1}.Debug|x86.ActiveCfg = Debug|Any CPU
		{1143E7D2-C636-F7D4-7265-B570E6E3CCE1}.Debug|x86.Build.0 = Debug|Any CPU
		{1143E7D2-C636-F7D4-7265-B570E6E3CCE1}.Release|Any CPU.ActiveCfg = Release|Any CPU
		{1143E7D2-C636-F7D4-7265-B570E6E3CCE1}.Release|Any CPU.Build.0 = Release|Any CPU
		{1143E7D2-C636-F7D4-7265-B570E6E3CCE1}.Release|x64.ActiveCfg = Release|Any CPU
		{1143E7D2-C636-F7D4-7265-B570E6E3CCE1}.Release|x64.Build.0 = Release|Any CPU
		{1143E7D2-C636-F7D4-7265-B570E6E3CCE1}.Release|x86.ActiveCfg = Release|Any CPU
		{1143E7D2-C636-F7D4-7265-B570E6E3CCE1}.Release|x86.Build.0 = Release|Any CPU
		{7D63470D-C484-42C1-9D1A-92F6D091EB35}.Debug|Any CPU.ActiveCfg = Debug|Any CPU
		{7D63470D-C484-42C1-9D1A-92F6D091EB35}.Debug|Any CPU.Build.0 = Debug|Any CPU
		{7D63470D-C484-42C1-9D1A-92F6D091EB35}.Debug|x64.ActiveCfg = Debug|Any CPU
		{7D63470D-C484-42C1-9D1A-92F6D091EB35}.Debug|x64.Build.0 = Debug|Any CPU
		{7D63470D-C484-42C1-9D1A-92F6D091EB35}.Debug|x86.ActiveCfg = Debug|Any CPU
		{7D63470D-C484-42C1-9D1A-92F6D091EB35}.Debug|x86.Build.0 = Debug|Any CPU
		{7D63470D-C484-42C1-9D1A-92F6D091EB35}.Release|Any CPU.ActiveCfg = Release|Any CPU
		{7D63470D-C484-42C1-9D1A-92F6D091EB35}.Release|Any CPU.Build.0 = Release|Any CPU
		{7D63470D-C484-42C1-9D1A-92F6D091EB35}.Release|x64.ActiveCfg = Release|Any CPU
		{7D63470D-C484-42C1-9D1A-92F6D091EB35}.Release|x64.Build.0 = Release|Any CPU
		{7D63470D-C484-42C1-9D1A-92F6D091EB35}.Release|x86.ActiveCfg = Release|Any CPU
		{7D63470D-C484-42C1-9D1A-92F6D091EB35}.Release|x86.Build.0 = Release|Any CPU
		{41F4E8E0-4AF7-47C5-B919-0823C9839CC0}.Debug|Any CPU.ActiveCfg = Debug|Any CPU
		{41F4E8E0-4AF7-47C5-B919-0823C9839CC0}.Debug|Any CPU.Build.0 = Debug|Any CPU
		{41F4E8E0-4AF7-47C5-B919-0823C9839CC0}.Debug|x64.ActiveCfg = Debug|Any CPU
		{41F4E8E0-4AF7-47C5-B919-0823C9839CC0}.Debug|x64.Build.0 = Debug|Any CPU
		{41F4E8E0-4AF7-47C5-B919-0823C9839CC0}.Debug|x86.ActiveCfg = Debug|Any CPU
		{41F4E8E0-4AF7-47C5-B919-0823C9839CC0}.Debug|x86.Build.0 = Debug|Any CPU
		{41F4E8E0-4AF7-47C5-B919-0823C9839CC0}.Release|Any CPU.ActiveCfg = Release|Any CPU
		{41F4E8E0-4AF7-47C5-B919-0823C9839CC0}.Release|Any CPU.Build.0 = Release|Any CPU
		{41F4E8E0-4AF7-47C5-B919-0823C9839CC0}.Release|x64.ActiveCfg = Release|Any CPU
		{41F4E8E0-4AF7-47C5-B919-0823C9839CC0}.Release|x64.Build.0 = Release|Any CPU
		{41F4E8E0-4AF7-47C5-B919-0823C9839CC0}.Release|x86.ActiveCfg = Release|Any CPU
		{41F4E8E0-4AF7-47C5-B919-0823C9839CC0}.Release|x86.Build.0 = Release|Any CPU
		{E0C70233-8F3F-4C79-9C12-C149167057F7}.Debug|Any CPU.ActiveCfg = Debug|Any CPU
		{E0C70233-8F3F-4C79-9C12-C149167057F7}.Debug|Any CPU.Build.0 = Debug|Any CPU
		{E0C70233-8F3F-4C79-9C12-C149167057F7}.Debug|x64.ActiveCfg = Debug|Any CPU
		{E0C70233-8F3F-4C79-9C12-C149167057F7}.Debug|x64.Build.0 = Debug|Any CPU
		{E0C70233-8F3F-4C79-9C12-C149167057F7}.Debug|x86.ActiveCfg = Debug|Any CPU
		{E0C70233-8F3F-4C79-9C12-C149167057F7}.Debug|x86.Build.0 = Debug|Any CPU
		{E0C70233-8F3F-4C79-9C12-C149167057F7}.Release|Any CPU.ActiveCfg = Release|Any CPU
		{E0C70233-8F3F-4C79-9C12-C149167057F7}.Release|Any CPU.Build.0 = Release|Any CPU
		{E0C70233-8F3F-4C79-9C12-C149167057F7}.Release|x64.ActiveCfg = Release|Any CPU
		{E0C70233-8F3F-4C79-9C12-C149167057F7}.Release|x64.Build.0 = Release|Any CPU
		{E0C70233-8F3F-4C79-9C12-C149167057F7}.Release|x86.ActiveCfg = Release|Any CPU
		{E0C70233-8F3F-4C79-9C12-C149167057F7}.Release|x86.Build.0 = Release|Any CPU
		{25D71277-7A2D-3EE6-CE69-7C4BF5BBD6EF}.Debug|Any CPU.ActiveCfg = Debug|Any CPU
		{25D71277-7A2D-3EE6-CE69-7C4BF5BBD6EF}.Debug|Any CPU.Build.0 = Debug|Any CPU
		{25D71277-7A2D-3EE6-CE69-7C4BF5BBD6EF}.Debug|x64.ActiveCfg = Debug|Any CPU
		{25D71277-7A2D-3EE6-CE69-7C4BF5BBD6EF}.Debug|x64.Build.0 = Debug|Any CPU
		{25D71277-7A2D-3EE6-CE69-7C4BF5BBD6EF}.Debug|x86.ActiveCfg = Debug|Any CPU
		{25D71277-7A2D-3EE6-CE69-7C4BF5BBD6EF}.Debug|x86.Build.0 = Debug|Any CPU
		{25D71277-7A2D-3EE6-CE69-7C4BF5BBD6EF}.Release|Any CPU.ActiveCfg = Release|Any CPU
		{25D71277-7A2D-3EE6-CE69-7C4BF5BBD6EF}.Release|Any CPU.Build.0 = Release|Any CPU
		{25D71277-7A2D-3EE6-CE69-7C4BF5BBD6EF}.Release|x64.ActiveCfg = Release|Any CPU
		{25D71277-7A2D-3EE6-CE69-7C4BF5BBD6EF}.Release|x64.Build.0 = Release|Any CPU
		{25D71277-7A2D-3EE6-CE69-7C4BF5BBD6EF}.Release|x86.ActiveCfg = Release|Any CPU
		{25D71277-7A2D-3EE6-CE69-7C4BF5BBD6EF}.Release|x86.Build.0 = Release|Any CPU
		{C49AD509-4508-4CCA-9E1B-4D5D6BD6B66B}.Debug|Any CPU.ActiveCfg = Debug|Any CPU
		{C49AD509-4508-4CCA-9E1B-4D5D6BD6B66B}.Debug|Any CPU.Build.0 = Debug|Any CPU
		{C49AD509-4508-4CCA-9E1B-4D5D6BD6B66B}.Debug|x64.ActiveCfg = Debug|Any CPU
		{C49AD509-4508-4CCA-9E1B-4D5D6BD6B66B}.Debug|x64.Build.0 = Debug|Any CPU
		{C49AD509-4508-4CCA-9E1B-4D5D6BD6B66B}.Debug|x86.ActiveCfg = Debug|Any CPU
		{C49AD509-4508-4CCA-9E1B-4D5D6BD6B66B}.Debug|x86.Build.0 = Debug|Any CPU
		{C49AD509-4508-4CCA-9E1B-4D5D6BD6B66B}.Release|Any CPU.ActiveCfg = Release|Any CPU
		{C49AD509-4508-4CCA-9E1B-4D5D6BD6B66B}.Release|Any CPU.Build.0 = Release|Any CPU
		{C49AD509-4508-4CCA-9E1B-4D5D6BD6B66B}.Release|x64.ActiveCfg = Release|Any CPU
		{C49AD509-4508-4CCA-9E1B-4D5D6BD6B66B}.Release|x64.Build.0 = Release|Any CPU
		{C49AD509-4508-4CCA-9E1B-4D5D6BD6B66B}.Release|x86.ActiveCfg = Release|Any CPU
		{C49AD509-4508-4CCA-9E1B-4D5D6BD6B66B}.Release|x86.Build.0 = Release|Any CPU
		{3B33ABEC-1B69-48B7-87FD-461F481BB5AA}.Debug|Any CPU.ActiveCfg = Debug|Any CPU
		{3B33ABEC-1B69-48B7-87FD-461F481BB5AA}.Debug|Any CPU.Build.0 = Debug|Any CPU
		{3B33ABEC-1B69-48B7-87FD-461F481BB5AA}.Debug|x64.ActiveCfg = Debug|Any CPU
		{3B33ABEC-1B69-48B7-87FD-461F481BB5AA}.Debug|x64.Build.0 = Debug|Any CPU
		{3B33ABEC-1B69-48B7-87FD-461F481BB5AA}.Debug|x86.ActiveCfg = Debug|Any CPU
		{3B33ABEC-1B69-48B7-87FD-461F481BB5AA}.Debug|x86.Build.0 = Debug|Any CPU
		{3B33ABEC-1B69-48B7-87FD-461F481BB5AA}.Release|Any CPU.ActiveCfg = Release|Any CPU
		{3B33ABEC-1B69-48B7-87FD-461F481BB5AA}.Release|Any CPU.Build.0 = Release|Any CPU
		{3B33ABEC-1B69-48B7-87FD-461F481BB5AA}.Release|x64.ActiveCfg = Release|Any CPU
		{3B33ABEC-1B69-48B7-87FD-461F481BB5AA}.Release|x64.Build.0 = Release|Any CPU
		{3B33ABEC-1B69-48B7-87FD-461F481BB5AA}.Release|x86.ActiveCfg = Release|Any CPU
		{3B33ABEC-1B69-48B7-87FD-461F481BB5AA}.Release|x86.Build.0 = Release|Any CPU
		{4F00C9DF-064E-9F67-D004-03E13EEEF8BE}.Debug|Any CPU.ActiveCfg = Debug|Any CPU
		{4F00C9DF-064E-9F67-D004-03E13EEEF8BE}.Debug|Any CPU.Build.0 = Debug|Any CPU
		{4F00C9DF-064E-9F67-D004-03E13EEEF8BE}.Debug|x64.ActiveCfg = Debug|Any CPU
		{4F00C9DF-064E-9F67-D004-03E13EEEF8BE}.Debug|x64.Build.0 = Debug|Any CPU
		{4F00C9DF-064E-9F67-D004-03E13EEEF8BE}.Debug|x86.ActiveCfg = Debug|Any CPU
		{4F00C9DF-064E-9F67-D004-03E13EEEF8BE}.Debug|x86.Build.0 = Debug|Any CPU
		{4F00C9DF-064E-9F67-D004-03E13EEEF8BE}.Release|Any CPU.ActiveCfg = Release|Any CPU
		{4F00C9DF-064E-9F67-D004-03E13EEEF8BE}.Release|Any CPU.Build.0 = Release|Any CPU
		{4F00C9DF-064E-9F67-D004-03E13EEEF8BE}.Release|x64.ActiveCfg = Release|Any CPU
		{4F00C9DF-064E-9F67-D004-03E13EEEF8BE}.Release|x64.Build.0 = Release|Any CPU
		{4F00C9DF-064E-9F67-D004-03E13EEEF8BE}.Release|x86.ActiveCfg = Release|Any CPU
		{4F00C9DF-064E-9F67-D004-03E13EEEF8BE}.Release|x86.Build.0 = Release|Any CPU
		{B88AF99E-7513-44F5-8B9C-59E9C4DA8746}.Debug|Any CPU.ActiveCfg = Debug|Any CPU
		{B88AF99E-7513-44F5-8B9C-59E9C4DA8746}.Debug|Any CPU.Build.0 = Debug|Any CPU
		{B88AF99E-7513-44F5-8B9C-59E9C4DA8746}.Debug|x64.ActiveCfg = Debug|Any CPU
		{B88AF99E-7513-44F5-8B9C-59E9C4DA8746}.Debug|x64.Build.0 = Debug|Any CPU
		{B88AF99E-7513-44F5-8B9C-59E9C4DA8746}.Debug|x86.ActiveCfg = Debug|Any CPU
		{B88AF99E-7513-44F5-8B9C-59E9C4DA8746}.Debug|x86.Build.0 = Debug|Any CPU
		{B88AF99E-7513-44F5-8B9C-59E9C4DA8746}.Release|Any CPU.ActiveCfg = Release|Any CPU
		{B88AF99E-7513-44F5-8B9C-59E9C4DA8746}.Release|Any CPU.Build.0 = Release|Any CPU
		{B88AF99E-7513-44F5-8B9C-59E9C4DA8746}.Release|x64.ActiveCfg = Release|Any CPU
		{B88AF99E-7513-44F5-8B9C-59E9C4DA8746}.Release|x64.Build.0 = Release|Any CPU
		{B88AF99E-7513-44F5-8B9C-59E9C4DA8746}.Release|x86.ActiveCfg = Release|Any CPU
		{B88AF99E-7513-44F5-8B9C-59E9C4DA8746}.Release|x86.Build.0 = Release|Any CPU
	EndGlobalSection
	GlobalSection(SolutionProperties) = preSolution
		HideSolutionNode = FALSE
	EndGlobalSection
	GlobalSection(NestedProjects) = preSolution
		{CEAB8DAA-DD90-34F1-C17F-E3DDA330C7A0} = {46899413-A1AD-7709-F42F-DC74916C2577}
		{7D63470D-C484-42C1-9D1A-92F6D091EB35} = {CEAB8DAA-DD90-34F1-C17F-E3DDA330C7A0}
		{6262D460-FDDF-24AD-FCE4-EF94ACD6A251} = {46899413-A1AD-7709-F42F-DC74916C2577}
		{63DD562B-6AE2-4B3C-88A3-590A914C9745} = {46899413-A1AD-7709-F42F-DC74916C2577}
		{41F4E8E0-4AF7-47C5-B919-0823C9839CC0} = {63DD562B-6AE2-4B3C-88A3-590A914C9745}
		{E0C70233-8F3F-4C79-9C12-C149167057F7} = {6262D460-FDDF-24AD-FCE4-EF94ACD6A251}
		{25D71277-7A2D-3EE6-CE69-7C4BF5BBD6EF} = {6262D460-FDDF-24AD-FCE4-EF94ACD6A251}
		{C49AD509-4508-4CCA-9E1B-4D5D6BD6B66B} = {46899413-A1AD-7709-F42F-DC74916C2577}
		{3B33ABEC-1B69-48B7-87FD-461F481BB5AA} = {46899413-A1AD-7709-F42F-DC74916C2577}
		{4F00C9DF-064E-9F67-D004-03E13EEEF8BE} = {46899413-A1AD-7709-F42F-DC74916C2577}
		{B88AF99E-7513-44F5-8B9C-59E9C4DA8746} = {46899413-A1AD-7709-F42F-DC74916C2577}
	EndGlobalSection
	GlobalSection(ExtensibilityGlobals) = postSolution
		SolutionGuid = {448B0635-0C49-4D29-A5FF-F6EA3BFC8FEE}
	EndGlobalSection
EndGlobal
